
Microsoft Visual Studio Solution File, Format Version 12.00
# Visual Studio Version 16
VisualStudioVersion = 16.0.30907.101
MinimumVisualStudioVersion = 10.0.40219.1
Project("{9A19103F-16F7-4668-BE54-9A1E7A4F7556}") = "Ciemtec_FND", "Ciemtec\Ciemtec_FND.csproj", "{440BDAFA-74BE-4581-8F43-B9CEFDAB8A17}"
EndProject
Project("{FAE04EC0-301F-11D3-BF4B-00C04F79EFBC}") = "Ciemtec_Api", "Ciemtec_Api\Ciemtec_Api.csproj", "{D45DE394-7EDF-4DEC-A335-22B2D094A863}"
EndProject
Global
	GlobalSection(SolutionConfigurationPlatforms) = preSolution
		Debug|Any CPU = Debug|Any CPU
		Release|Any CPU = Release|Any CPU
	EndGlobalSection
	GlobalSection(ProjectConfigurationPlatforms) = postSolution
		{440BDAFA-74BE-4581-8F43-B9CEFDAB8A17}.Debug|Any CPU.ActiveCfg = Debug|Any CPU
		{440BDAFA-74BE-4581-8F43-B9CEFDAB8A17}.Debug|Any CPU.Build.0 = Debug|Any CPU
		{440BDAFA-74BE-4581-8F43-B9CEFDAB8A17}.Release|Any CPU.ActiveCfg = Release|Any CPU
		{440BDAFA-74BE-4581-8F43-B9CEFDAB8A17}.Release|Any CPU.Build.0 = Release|Any CPU
		{D45DE394-7EDF-4DEC-A335-22B2D094A863}.Debug|Any CPU.ActiveCfg = Debug|Any CPU
		{D45DE394-7EDF-4DEC-A335-22B2D094A863}.Debug|Any CPU.Build.0 = Debug|Any CPU
		{D45DE394-7EDF-4DEC-A335-22B2D094A863}.Release|Any CPU.ActiveCfg = Release|Any CPU
		{D45DE394-7EDF-4DEC-A335-22B2D094A863}.Release|Any CPU.Build.0 = Release|Any CPU
	EndGlobalSection
	GlobalSection(SolutionProperties) = preSolution
		HideSolutionNode = FALSE
	EndGlobalSection
	GlobalSection(ExtensibilityGlobals) = postSolution
		SolutionGuid = {AE8EF5A9-4580-4A62-A188-1DFD9BC53C3C}
	EndGlobalSection
EndGlobal
